
Microsoft Visual Studio Solution File, Format Version 12.00
# Visual Studio Version 17
VisualStudioVersion = 17.14.36221.1 d17.14
MinimumVisualStudioVersion = 10.0.40219.1
Project("{FAE04EC0-301F-11D3-BF4B-00C04F79EFBC}") = "Matriz01_2k_14", "Matriz01_2k_14\Matriz01_2k_14.csproj", "{4AA261ED-532A-49AA-8723-C3445CD50275}"
EndProject
Global
	GlobalSection(SolutionConfigurationPlatforms) = preSolution
		Debug|Any CPU = Debug|Any CPU
		Release|Any CPU = Release|Any CPU
	EndGlobalSection
	GlobalSection(ProjectConfigurationPlatforms) = postSolution
		{4AA261ED-532A-49AA-8723-C3445CD50275}.Debug|Any CPU.ActiveCfg = Debug|Any CPU
		{4AA261ED-532A-49AA-8723-C3445CD50275}.Debug|Any CPU.Build.0 = Debug|Any CPU
		{4AA261ED-532A-49AA-8723-C3445CD50275}.Release|Any CPU.ActiveCfg = Release|Any CPU
		{4AA261ED-532A-49AA-8723-C3445CD50275}.Release|Any CPU.Build.0 = Release|Any CPU
	EndGlobalSection
	GlobalSection(SolutionProperties) = preSolution
		HideSolutionNode = FALSE
	EndGlobalSection
	GlobalSection(ExtensibilityGlobals) = postSolution
		SolutionGuid = {B7C22D32-D566-4B7A-852D-F82193E06F22}
	EndGlobalSection
EndGlobal
